// !$*UTF8*$!
{
	archiveVersion = 1;
	classes = {
	};
	objectVersion = 46;
	objects = {

/* Begin PBXBuildFile section */
		2E13BA341D1B016800980C56 /* ios-exam-materials in Resources */ = {isa = PBXBuildFile; fileRef = 2E13BA331D1B016800980C56 /* ios-exam-materials */; };
		2EBA65351D199B2900E805D9 /* main.m in Sources */ = {isa = PBXBuildFile; fileRef = 2EBA65341D199B2900E805D9 /* main.m */; };
		2EBA65381D199B2900E805D9 /* AppDelegate.m in Sources */ = {isa = PBXBuildFile; fileRef = 2EBA65371D199B2900E805D9 /* AppDelegate.m */; };
		2EBA653B1D199B2900E805D9 /* ViewController.m in Sources */ = {isa = PBXBuildFile; fileRef = 2EBA653A1D199B2900E805D9 /* ViewController.m */; };
		2EBA653E1D199B2900E805D9 /* Main.storyboard in Resources */ = {isa = PBXBuildFile; fileRef = 2EBA653C1D199B2900E805D9 /* Main.storyboard */; };
		2EBA65401D199B2900E805D9 /* Assets.xcassets in Resources */ = {isa = PBXBuildFile; fileRef = 2EBA653F1D199B2900E805D9 /* Assets.xcassets */; };
		2EBA65431D199B2900E805D9 /* LaunchScreen.storyboard in Resources */ = {isa = PBXBuildFile; fileRef = 2EBA65411D199B2900E805D9 /* LaunchScreen.storyboard */; };
		2EBA654D1D19AE1E00E805D9 /* ViewControllerCell.m in Sources */ = {isa = PBXBuildFile; fileRef = 2EBA654C1D19AE1E00E805D9 /* ViewControllerCell.m */; };
		2EBA65501D19EBB500E805D9 /* Product.m in Sources */ = {isa = PBXBuildFile; fileRef = 2EBA654F1D19EBB500E805D9 /* Product.m */; };
/* End PBXBuildFile section */

/* Begin PBXFileReference section */
		2E13BA331D1B016800980C56 /* ios-exam-materials */ = {isa = PBXFileReference; lastKnownFileType = folder; path = "ios-exam-materials"; sourceTree = "<group>"; };
		2EBA65301D199B2800E805D9 /* iOS_X-Team_Exam.app */ = {isa = PBXFileReference; explicitFileType = wrapper.application; includeInIndex = 0; path = "iOS_X-Team_Exam.app"; sourceTree = BUILT_PRODUCTS_DIR; };
		2EBA65341D199B2900E805D9 /* main.m */ = {isa = PBXFileReference; lastKnownFileType = sourcecode.c.objc; path = main.m; sourceTree = "<group>"; };
		2EBA65361D199B2900E805D9 /* AppDelegate.h */ = {isa = PBXFileReference; lastKnownFileType = sourcecode.c.h; path = AppDelegate.h; sourceTree = "<group>"; };
		2EBA65371D199B2900E805D9 /* AppDelegate.m */ = {isa = PBXFileReference; lastKnownFileType = sourcecode.c.objc; path = AppDelegate.m; sourceTree = "<group>"; };
		2EBA65391D199B2900E805D9 /* ViewController.h */ = {isa = PBXFileReference; lastKnownFileType = sourcecode.c.h; path = ViewController.h; sourceTree = "<group>"; };
		2EBA653A1D199B2900E805D9 /* ViewController.m */ = {isa = PBXFileReference; lastKnownFileType = sourcecode.c.objc; path = ViewController.m; sourceTree = "<group>"; };
		2EBA653D1D199B2900E805D9 /* Base */ = {isa = PBXFileReference; lastKnownFileType = file.storyboard; name = Base; path = Base.lproj/Main.storyboard; sourceTree = "<group>"; };
		2EBA653F1D199B2900E805D9 /* Assets.xcassets */ = {isa = PBXFileReference; lastKnownFileType = folder.assetcatalog; path = Assets.xcassets; sourceTree = "<group>"; };
		2EBA65421D199B2900E805D9 /* Base */ = {isa = PBXFileReference; lastKnownFileType = file.storyboard; name = Base; path = Base.lproj/LaunchScreen.storyboard; sourceTree = "<group>"; };
		2EBA65441D199B2900E805D9 /* Info.plist */ = {isa = PBXFileReference; lastKnownFileType = text.plist.xml; path = Info.plist; sourceTree = "<group>"; };
		2EBA654B1D19AE1E00E805D9 /* ViewControllerCell.h */ = {isa = PBXFileReference; fileEncoding = 4; lastKnownFileType = sourcecode.c.h; path = ViewControllerCell.h; sourceTree = "<group>"; };
		2EBA654C1D19AE1E00E805D9 /* ViewControllerCell.m */ = {isa = PBXFileReference; fileEncoding = 4; lastKnownFileType = sourcecode.c.objc; path = ViewControllerCell.m; sourceTree = "<group>"; };
		2EBA654E1D19EBB500E805D9 /* Product.h */ = {isa = PBXFileReference; fileEncoding = 4; lastKnownFileType = sourcecode.c.h; path = Product.h; sourceTree = "<group>"; };
		2EBA654F1D19EBB500E805D9 /* Product.m */ = {isa = PBXFileReference; fileEncoding = 4; lastKnownFileType = sourcecode.c.objc; path = Product.m; sourceTree = "<group>"; };
/* End PBXFileReference section */

/* Begin PBXFrameworksBuildPhase section */
		2EBA652D1D199B2800E805D9 /* Frameworks */ = {
			isa = PBXFrameworksBuildPhase;
			buildActionMask = 2147483647;
			files = (
			);
			runOnlyForDeploymentPostprocessing = 0;
		};
/* End PBXFrameworksBuildPhase section */

/* Begin PBXGroup section */
		2EBA65271D199B2800E805D9 = {
			isa = PBXGroup;
			children = (
				2EBA65321D199B2900E805D9 /* iOS_X-Team_Exam */,
				2EBA65311D199B2800E805D9 /* Products */,
			);
			sourceTree = "<group>";
		};
		2EBA65311D199B2800E805D9 /* Products */ = {
			isa = PBXGroup;
			children = (
				2EBA65301D199B2800E805D9 /* iOS_X-Team_Exam.app */,
			);
			name = Products;
			sourceTree = "<group>";
		};
		2EBA65321D199B2900E805D9 /* iOS_X-Team_Exam */ = {
			isa = PBXGroup;
			children = (
				2EBA65361D199B2900E805D9 /* AppDelegate.h */,
				2EBA65371D199B2900E805D9 /* AppDelegate.m */,
				2EBA65391D199B2900E805D9 /* ViewController.h */,
				2EBA653A1D199B2900E805D9 /* ViewController.m */,
				2EBA654B1D19AE1E00E805D9 /* ViewControllerCell.h */,
				2EBA654C1D19AE1E00E805D9 /* ViewControllerCell.m */,
				2EBA654E1D19EBB500E805D9 /* Product.h */,
				2EBA654F1D19EBB500E805D9 /* Product.m */,
				2EBA653C1D199B2900E805D9 /* Main.storyboard */,
				2EBA653F1D199B2900E805D9 /* Assets.xcassets */,
				2EBA65411D199B2900E805D9 /* LaunchScreen.storyboard */,
				2EBA65441D199B2900E805D9 /* Info.plist */,
				2E13BA331D1B016800980C56 /* ios-exam-materials */,
				2EBA65331D199B2900E805D9 /* Supporting Files */,
			);
			path = "iOS_X-Team_Exam";
			sourceTree = "<group>";
		};
		2EBA65331D199B2900E805D9 /* Supporting Files */ = {
			isa = PBXGroup;
			children = (
				2EBA65341D199B2900E805D9 /* main.m */,
			);
			name = "Supporting Files";
			sourceTree = "<group>";
		};
/* End PBXGroup section */

/* Begin PBXNativeTarget section */
		2EBA652F1D199B2800E805D9 /* iOS_X-Team_Exam */ = {
			isa = PBXNativeTarget;
			buildConfigurationList = 2EBA65471D199B2900E805D9 /* Build configuration list for PBXNativeTarget "iOS_X-Team_Exam" */;
			buildPhases = (
				2EBA652C1D199B2800E805D9 /* Sources */,
				2EBA652D1D199B2800E805D9 /* Frameworks */,
				2EBA652E1D199B2800E805D9 /* Resources */,
			);
			buildRules = (
			);
			dependencies = (
			);
			name = "iOS_X-Team_Exam";
			productName = "iOS_X-Team_Exam";
			productReference = 2EBA65301D199B2800E805D9 /* iOS_X-Team_Exam.app */;
			productType = "com.apple.product-type.application";
		};
/* End PBXNativeTarget section */

/* Begin PBXProject section */
		2EBA65281D199B2800E805D9 /* Project object */ = {
			isa = PBXProject;
			attributes = {
				LastUpgradeCheck = 0730;
				ORGANIZATIONNAME = "Pat Sluth";
				TargetAttributes = {
					2EBA652F1D199B2800E805D9 = {
						CreatedOnToolsVersion = 7.3.1;
					};
				};
			};
			buildConfigurationList = 2EBA652B1D199B2800E805D9 /* Build configuration list for PBXProject "iOS_X-Team_Exam" */;
			compatibilityVersion = "Xcode 3.2";
			developmentRegion = English;
			hasScannedForEncodings = 0;
			knownRegions = (
				en,
				Base,
			);
			mainGroup = 2EBA65271D199B2800E805D9;
			productRefGroup = 2EBA65311D199B2800E805D9 /* Products */;
			projectDirPath = "";
			projectRoot = "";
			targets = (
				2EBA652F1D199B2800E805D9 /* iOS_X-Team_Exam */,
			);
		};
/* End PBXProject section */

/* Begin PBXResourcesBuildPhase section */
		2EBA652E1D199B2800E805D9 /* Resources */ = {
			isa = PBXResourcesBuildPhase;
			buildActionMask = 2147483647;
			files = (
				2E13BA341D1B016800980C56 /* ios-exam-materials in Resources */,
				2EBA65431D199B2900E805D9 /* LaunchScreen.storyboard in Resources */,
				2EBA65401D199B2900E805D9 /* Assets.xcassets in Resources */,
				2EBA653E1D199B2900E805D9 /* Main.storyboard in Resources */,
			);
			runOnlyForDeploymentPostprocessing = 0;
		};
/* End PBXResourcesBuildPhase section */

/* Begin PBXSourcesBuildPhase section */
		2EBA652C1D199B2800E805D9 /* Sources */ = {
			isa = PBXSourcesBuildPhase;
			buildActionMask = 2147483647;
			files = (
				2EBA653B1D199B2900E805D9 /* ViewController.m in Sources */,
				2EBA65501D19EBB500E805D9 /* Product.m in Sources */,
				2EBA65381D199B2900E805D9 /* AppDelegate.m in Sources */,
				2EBA654D1D19AE1E00E805D9 /* ViewControllerCell.m in Sources */,
				2EBA65351D199B2900E805D9 /* main.m in Sources */,
			);
			runOnlyForDeploymentPostprocessing = 0;
		};
/* End PBXSourcesBuildPhase section */

/* Begin PBXVariantGroup section */
		2EBA653C1D199B2900E805D9 /* Main.storyboard */ = {
			isa = PBXVariantGroup;
			children = (
				2EBA653D1D199B2900E805D9 /* Base */,
			);
			name = Main.storyboard;
			sourceTree = "<group>";
		};
		2EBA65411D199B2900E805D9 /* LaunchScreen.storyboard */ = {
			isa = PBXVariantGroup;
			children = (
				2EBA65421D199B2900E805D9 /* Base */,
			);
			name = LaunchScreen.storyboard;
			sourceTree = "<group>";
		};
/* End PBXVariantGroup section */

/* Begin XCBuildConfiguration section */
		2EBA65451D199B2900E805D9 /* Debug */ = {
			isa = XCBuildConfiguration;
			buildSettings = {
				ALWAYS_SEARCH_USER_PATHS = NO;
				CLANG_ANALYZER_NONNULL = YES;
				CLANG_CXX_LANGUAGE_STANDARD = "gnu++0x";
				CLANG_CXX_LIBRARY = "libc++";
				CLANG_ENABLE_MODULES = YES;
				CLANG_ENABLE_OBJC_ARC = YES;
				CLANG_WARN_BOOL_CONVERSION = YES;
				CLANG_WARN_CONSTANT_CONVERSION = YES;
				CLANG_WARN_DIRECT_OBJC_ISA_USAGE = YES_ERROR;
				CLANG_WARN_EMPTY_BODY = YES;
				CLANG_WARN_ENUM_CONVERSION = YES;
				CLANG_WARN_INT_CONVERSION = YES;
				CLANG_WARN_OBJC_ROOT_CLASS = YES_ERROR;
				CLANG_WARN_UNREACHABLE_CODE = YES;
				CLANG_WARN__DUPLICATE_METHOD_MATCH = YES;
				"CODE_SIGN_IDENTITY[sdk=iphoneos*]" = "iPhone Developer";
				COPY_PHASE_STRIP = NO;
				DEBUG_INFORMATION_FORMAT = dwarf;
				ENABLE_STRICT_OBJC_MSGSEND = YES;
				ENABLE_TESTABILITY = YES;
				GCC_C_LANGUAGE_STANDARD = gnu99;
				GCC_DYNAMIC_NO_PIC = NO;
				GCC_NO_COMMON_BLOCKS = YES;
				GCC_OPTIMIZATION_LEVEL = 0;
				GCC_PREPROCESSOR_DEFINITIONS = (
					"DEBUG=1",
					"$(inherited)",
				);
				GCC_WARN_64_TO_32_BIT_CONVERSION = YES;
				GCC_WARN_ABOUT_RETURN_TYPE = YES_ERROR;
				GCC_WARN_UNDECLARED_SELECTOR = YES;
				GCC_WARN_UNINITIALIZED_AUTOS = YES_AGGRESSIVE;
				GCC_WARN_UNUSED_FUNCTION = YES;
				GCC_WARN_UNUSED_VARIABLE = YES;
				IPHONEOS_DEPLOYMENT_TARGET = 9.3;
				MTL_ENABLE_DEBUG_INFO = YES;
				ONLY_ACTIVE_ARCH = YES;
				SDKROOT = iphoneos;
				TARGETED_DEVICE_FAMILY = "1,2";
			};
			name = Debug;
		};
		2EBA65461D199B2900E805D9 /* Release */ = {
			isa = XCBuildConfiguration;
			buildSettings = {
				ALWAYS_SEARCH_USER_PATHS = NO;
				CLANG_ANALYZER_NONNULL = YES;
				CLANG_CXX_LANGUAGE_STANDARD = "gnu++0x";
				CLANG_CXX_LIBRARY = "libc++";
				CLANG_ENABLE_MODULES = YES;
				CLANG_ENABLE_OBJC_ARC = YES;
				CLANG_WARN_BOOL_CONVERSION = YES;
				CLANG_WARN_CONSTANT_CONVERSION = YES;
				CLANG_WARN_DIRECT_OBJC_ISA_USAGE = YES_ERROR;
				CLANG_WARN_EMPTY_BODY = YES;
				CLANG_WARN_ENUM_CONVERSION = YES;
				CLANG_WARN_INT_CONVERSION = YES;
				CLANG_WARN_OBJC_ROOT_CLASS = YES_ERROR;
				CLANG_WARN_UNREACHABLE_CODE = YES;
				CLANG_WARN__DUPLICATE_METHOD_MATCH = YES;
				"CODE_SIGN_IDENTITY[sdk=iphoneos*]" = "iPhone Developer";
				COPY_PHASE_STRIP = NO;
				DEBUG_INFORMATION_FORMAT = "dwarf-with-dsym";
				ENABLE_NS_ASSERTIONS = NO;
				ENABLE_STRICT_OBJC_MSGSEND = YES;
				GCC_C_LANGUAGE_STANDARD = gnu99;
				GCC_NO_COMMON_BLOCKS = YES;
				GCC_WARN_64_TO_32_BIT_CONVERSION = YES;
				GCC_WARN_ABOUT_RETURN_TYPE = YES_ERROR;
				GCC_WARN_UNDECLARED_SELECTOR = YES;
				GCC_WARN_UNINITIALIZED_AUTOS = YES_AGGRESSIVE;
				GCC_WARN_UNUSED_FUNCTION = YES;
				GCC_WARN_UNUSED_VARIABLE = YES;
				IPHONEOS_DEPLOYMENT_TARGET = 9.3;
				MTL_ENABLE_DEBUG_INFO = NO;
				SDKROOT = iphoneos;
				TARGETED_DEVICE_FAMILY = "1,2";
				VALIDATE_PRODUCT = YES;
			};
			name = Release;
		};
		2EBA65481D199B2900E805D9 /* Debug */ = {
			isa = XCBuildConfiguration;
			buildSettings = {
				ASSETCATALOG_COMPILER_APPICON_NAME = AppIcon;
				INFOPLIST_FILE = "iOS_X-Team_Exam/Info.plist";
				LD_RUNPATH_SEARCH_PATHS = "$(inherited) @executable_path/Frameworks";
				PRODUCT_BUNDLE_IDENTIFIER = "com.patsluth.iOS-X-Team-Exam";
				PRODUCT_NAME = "$(TARGET_NAME)";
			};
			name = Debug;
		};
		2EBA65491D199B2900E805D9 /* Release */ = {
			isa = XCBuildConfiguration;
			buildSettings = {
				ASSETCATALOG_COMPILER_APPICON_NAME = AppIcon;
				INFOPLIST_FILE = "iOS_X-Team_Exam/Info.plist";
				LD_RUNPATH_SEARCH_PATHS = "$(inherited) @executable_path/Frameworks";
				PRODUCT_BUNDLE_IDENTIFIER = "com.patsluth.iOS-X-Team-Exam";
				PRODUCT_NAME = "$(TARGET_NAME)";
			};
			name = Release;
		};
/* End XCBuildConfiguration section */

/* Begin XCConfigurationList section */
		2EBA652B1D199B2800E805D9 /* Build configuration list for PBXProject "iOS_X-Team_Exam" */ = {
			isa = XCConfigurationList;
			buildConfigurations = (
				2EBA65451D199B2900E805D9 /* Debug */,
				2EBA65461D199B2900E805D9 /* Release */,
			);
			defaultConfigurationIsVisible = 0;
			defaultConfigurationName = Release;
		};
		2EBA65471D199B2900E805D9 /* Build configuration list for PBXNativeTarget "iOS_X-Team_Exam" */ = {
			isa = XCConfigurationList;
			buildConfigurations = (
				2EBA65481D199B2900E805D9 /* Debug */,
				2EBA65491D199B2900E805D9 /* Release */,
			);
			defaultConfigurationIsVisible = 0;
			defaultConfigurationName = Release;
		};
/* End XCConfigurationList section */
	};
	rootObject = 2EBA65281D199B2800E805D9 /* Project object */;
}
